
Microsoft Visual Studio Solution File, Format Version 12.00
# Visual Studio 2017
Project("{FAE04EC0-301F-11D3-BF4B-00C04F79EFBC}") = "Study_ARPG", "Study_ARPG.csproj", "{EA8BD31C-FE99-7E6A-8866-557AC29ED174}"
EndProject
Project("{FAE04EC0-301F-11D3-BF4B-00C04F79EFBC}") = "Study_ARPG.Editor", "Study_ARPG.Editor.csproj", "{06BAC284-8EE5-7A8C-3A6C-A5A61F7C21EE}"
EndProject
Global
	GlobalSection(SolutionConfigurationPlatforms) = preSolution
		Debug|Any CPU = Debug|Any CPU
		Release|Any CPU = Release|Any CPU
	EndGlobalSection
	GlobalSection(ProjectConfigurationPlatforms) = postSolution
		{EA8BD31C-FE99-7E6A-8866-557AC29ED174}.Debug|Any CPU.ActiveCfg = Debug|Any CPU
		{EA8BD31C-FE99-7E6A-8866-557AC29ED174}.Debug|Any CPU.Build.0 = Debug|Any CPU
		{EA8BD31C-FE99-7E6A-8866-557AC29ED174}.Release|Any CPU.ActiveCfg = Release|Any CPU
		{EA8BD31C-FE99-7E6A-8866-557AC29ED174}.Release|Any CPU.Build.0 = Release|Any CPU
		{06BAC284-8EE5-7A8C-3A6C-A5A61F7C21EE}.Debug|Any CPU.ActiveCfg = Debug|Any CPU
		{06BAC284-8EE5-7A8C-3A6C-A5A61F7C21EE}.Debug|Any CPU.Build.0 = Debug|Any CPU
		{06BAC284-8EE5-7A8C-3A6C-A5A61F7C21EE}.Release|Any CPU.ActiveCfg = Release|Any CPU
		{06BAC284-8EE5-7A8C-3A6C-A5A61F7C21EE}.Release|Any CPU.Build.0 = Release|Any CPU
	EndGlobalSection
	GlobalSection(SolutionProperties) = preSolution
		HideSolutionNode = FALSE
	EndGlobalSection
EndGlobal
