
Microsoft Visual Studio Solution File, Format Version 12.00
# Visual Studio 2012
Project("{FAE04EC0-301F-11D3-BF4B-00C04F79EFBC}") = "LoLServer", "LoLServer\LoLServer.csproj", "{3AAD013D-F305-4420-B521-E8659FD775F8}"
EndProject
Global
	GlobalSection(SolutionConfigurationPlatforms) = preSolution
		Debug|x86 = Debug|x86
		Release|x86 = Release|x86
	EndGlobalSection
	GlobalSection(ProjectConfigurationPlatforms) = postSolution
		{3AAD013D-F305-4420-B521-E8659FD775F8}.Debug|x86.ActiveCfg = Debug|x86
		{3AAD013D-F305-4420-B521-E8659FD775F8}.Debug|x86.Build.0 = Debug|x86
		{3AAD013D-F305-4420-B521-E8659FD775F8}.Release|x86.ActiveCfg = Release|x86
		{3AAD013D-F305-4420-B521-E8659FD775F8}.Release|x86.Build.0 = Release|x86
	EndGlobalSection
EndGlobal
